
Microsoft Visual Studio Solution File, Format Version 12.00
# Visual Studio Version 17
VisualStudioVersion = 17.9.34728.123
MinimumVisualStudioVersion = 10.0.40219.1
Project("{9A19103F-16F7-4668-BE54-9A1E7A4F7556}") = "QuickBank", "QuickBank\QuickBank.csproj", "{D0C53F70-7899-48FE-BD47-14705D0122BA}"
EndProject
Project("{2150E333-8FDC-42A3-9474-1A3956D46DE8}") = "Source", "Source", "{A31486B8-1162-4BD4-8F82-44CE4ADC58A4}"
EndProject
Project("{2150E333-8FDC-42A3-9474-1A3956D46DE8}") = "WebApp", "WebApp", "{72B81A95-8601-47C4-928B-030157B6EF06}"
EndProject
Project("{2150E333-8FDC-42A3-9474-1A3956D46DE8}") = "Core", "Core", "{1D265683-5AC8-49F5-A1FF-0C8ADC727DBB}"
EndProject
Project("{2150E333-8FDC-42A3-9474-1A3956D46DE8}") = "Infrastructure", "Infrastructure", "{F9E7B0D9-788D-49AB-9A59-961934244193}"
EndProject
Project("{9A19103F-16F7-4668-BE54-9A1E7A4F7556}") = "QuickBank.Infrastructure.Identity", "QuickBank.Infraestructure.Identity\QuickBank.Infrastructure.Identity.csproj", "{FD3F36C1-5A03-43C0-B5C8-DE9BA26A2A45}"
EndProject
Project("{9A19103F-16F7-4668-BE54-9A1E7A4F7556}") = "QuickBank.Infrastructure.Persistence", "QuickBank.Infraestructure.Persistence\QuickBank.Infrastructure.Persistence.csproj", "{2E204B2B-E86A-4B1F-B04D-796BCD492300}"
EndProject
Project("{9A19103F-16F7-4668-BE54-9A1E7A4F7556}") = "QuickBank.Infrastructure.Shared", "QuickBank.Infraestructure.Shared\QuickBank.Infrastructure.Shared.csproj", "{E05AC93C-13F4-4DC5-97CA-1E7533686F34}"
EndProject
Project("{9A19103F-16F7-4668-BE54-9A1E7A4F7556}") = "QuickBank.Core.Application", "QuickBank.Core.Application\QuickBank.Core.Application.csproj", "{B4F9DCCF-7D4B-4B9E-96B3-2A734EF7972E}"
EndProject
Project("{9A19103F-16F7-4668-BE54-9A1E7A4F7556}") = "QuickBank.Core.Domain", "QuickBank.Core.Domain\QuickBank.Core.Domain.csproj", "{37C5A27B-F50A-47AD-840B-FAA6D94BDE68}"
EndProject
Global
	GlobalSection(SolutionConfigurationPlatforms) = preSolution
		Debug|Any CPU = Debug|Any CPU
		Release|Any CPU = Release|Any CPU
	EndGlobalSection
	GlobalSection(ProjectConfigurationPlatforms) = postSolution
		{D0C53F70-7899-48FE-BD47-14705D0122BA}.Debug|Any CPU.ActiveCfg = Debug|Any CPU
		{D0C53F70-7899-48FE-BD47-14705D0122BA}.Debug|Any CPU.Build.0 = Debug|Any CPU
		{D0C53F70-7899-48FE-BD47-14705D0122BA}.Release|Any CPU.ActiveCfg = Release|Any CPU
		{D0C53F70-7899-48FE-BD47-14705D0122BA}.Release|Any CPU.Build.0 = Release|Any CPU
		{FD3F36C1-5A03-43C0-B5C8-DE9BA26A2A45}.Debug|Any CPU.ActiveCfg = Debug|Any CPU
		{FD3F36C1-5A03-43C0-B5C8-DE9BA26A2A45}.Debug|Any CPU.Build.0 = Debug|Any CPU
		{FD3F36C1-5A03-43C0-B5C8-DE9BA26A2A45}.Release|Any CPU.ActiveCfg = Release|Any CPU
		{FD3F36C1-5A03-43C0-B5C8-DE9BA26A2A45}.Release|Any CPU.Build.0 = Release|Any CPU
		{2E204B2B-E86A-4B1F-B04D-796BCD492300}.Debug|Any CPU.ActiveCfg = Debug|Any CPU
		{2E204B2B-E86A-4B1F-B04D-796BCD492300}.Debug|Any CPU.Build.0 = Debug|Any CPU
		{2E204B2B-E86A-4B1F-B04D-796BCD492300}.Release|Any CPU.ActiveCfg = Release|Any CPU
		{2E204B2B-E86A-4B1F-B04D-796BCD492300}.Release|Any CPU.Build.0 = Release|Any CPU
		{E05AC93C-13F4-4DC5-97CA-1E7533686F34}.Debug|Any CPU.ActiveCfg = Debug|Any CPU
		{E05AC93C-13F4-4DC5-97CA-1E7533686F34}.Debug|Any CPU.Build.0 = Debug|Any CPU
		{E05AC93C-13F4-4DC5-97CA-1E7533686F34}.Release|Any CPU.ActiveCfg = Release|Any CPU
		{E05AC93C-13F4-4DC5-97CA-1E7533686F34}.Release|Any CPU.Build.0 = Release|Any CPU
		{B4F9DCCF-7D4B-4B9E-96B3-2A734EF7972E}.Debug|Any CPU.ActiveCfg = Debug|Any CPU
		{B4F9DCCF-7D4B-4B9E-96B3-2A734EF7972E}.Debug|Any CPU.Build.0 = Debug|Any CPU
		{B4F9DCCF-7D4B-4B9E-96B3-2A734EF7972E}.Release|Any CPU.ActiveCfg = Release|Any CPU
		{B4F9DCCF-7D4B-4B9E-96B3-2A734EF7972E}.Release|Any CPU.Build.0 = Release|Any CPU
		{37C5A27B-F50A-47AD-840B-FAA6D94BDE68}.Debug|Any CPU.ActiveCfg = Debug|Any CPU
		{37C5A27B-F50A-47AD-840B-FAA6D94BDE68}.Debug|Any CPU.Build.0 = Debug|Any CPU
		{37C5A27B-F50A-47AD-840B-FAA6D94BDE68}.Release|Any CPU.ActiveCfg = Release|Any CPU
		{37C5A27B-F50A-47AD-840B-FAA6D94BDE68}.Release|Any CPU.Build.0 = Release|Any CPU
	EndGlobalSection
	GlobalSection(SolutionProperties) = preSolution
		HideSolutionNode = FALSE
	EndGlobalSection
	GlobalSection(NestedProjects) = preSolution
		{D0C53F70-7899-48FE-BD47-14705D0122BA} = {72B81A95-8601-47C4-928B-030157B6EF06}
		{72B81A95-8601-47C4-928B-030157B6EF06} = {A31486B8-1162-4BD4-8F82-44CE4ADC58A4}
		{1D265683-5AC8-49F5-A1FF-0C8ADC727DBB} = {A31486B8-1162-4BD4-8F82-44CE4ADC58A4}
		{F9E7B0D9-788D-49AB-9A59-961934244193} = {A31486B8-1162-4BD4-8F82-44CE4ADC58A4}
		{FD3F36C1-5A03-43C0-B5C8-DE9BA26A2A45} = {F9E7B0D9-788D-49AB-9A59-961934244193}
		{2E204B2B-E86A-4B1F-B04D-796BCD492300} = {F9E7B0D9-788D-49AB-9A59-961934244193}
		{E05AC93C-13F4-4DC5-97CA-1E7533686F34} = {F9E7B0D9-788D-49AB-9A59-961934244193}
		{B4F9DCCF-7D4B-4B9E-96B3-2A734EF7972E} = {1D265683-5AC8-49F5-A1FF-0C8ADC727DBB}
		{37C5A27B-F50A-47AD-840B-FAA6D94BDE68} = {1D265683-5AC8-49F5-A1FF-0C8ADC727DBB}
	EndGlobalSection
	GlobalSection(ExtensibilityGlobals) = postSolution
		SolutionGuid = {621D24FE-80D8-4A6C-BBF1-FC3AEDF32E6B}
	EndGlobalSection
EndGlobal
