
Microsoft Visual Studio Solution File, Format Version 12.00
# Visual Studio Version 17
VisualStudioVersion = 17.9.34728.123
MinimumVisualStudioVersion = 10.0.40219.1
Project("{FAE04EC0-301F-11D3-BF4B-00C04F79EFBC}") = "QuickBank", "QuickBank\QuickBank.csproj", "{D0C53F70-7899-48FE-BD47-14705D0122BA}"
EndProject
Global
	GlobalSection(SolutionConfigurationPlatforms) = preSolution
		Debug|Any CPU = Debug|Any CPU
		Release|Any CPU = Release|Any CPU
	EndGlobalSection
	GlobalSection(ProjectConfigurationPlatforms) = postSolution
		{D0C53F70-7899-48FE-BD47-14705D0122BA}.Debug|Any CPU.ActiveCfg = Debug|Any CPU
		{D0C53F70-7899-48FE-BD47-14705D0122BA}.Debug|Any CPU.Build.0 = Debug|Any CPU
		{D0C53F70-7899-48FE-BD47-14705D0122BA}.Release|Any CPU.ActiveCfg = Release|Any CPU
		{D0C53F70-7899-48FE-BD47-14705D0122BA}.Release|Any CPU.Build.0 = Release|Any CPU
	EndGlobalSection
	GlobalSection(SolutionProperties) = preSolution
		HideSolutionNode = FALSE
	EndGlobalSection
	GlobalSection(ExtensibilityGlobals) = postSolution
		SolutionGuid = {621D24FE-80D8-4A6C-BBF1-FC3AEDF32E6B}
	EndGlobalSection
EndGlobal
